
Microsoft Visual Studio Solution File, Format Version 12.00
# Visual Studio Version 17
VisualStudioVersion = 17.0.31903.59
MinimumVisualStudioVersion = 10.0.40219.1
Project("{2150E333-8FDC-42A3-9474-1A3956D46DE8}") = "src", "src", "{827E0CD3-B72D-47B6-A68D-7590B98EB39B}"
EndProject
Project("{FAE04EC0-301F-11D3-BF4B-00C04F79EFBC}") = "PlayerService.Abstractions", "src\PlayerService.Abstractions\PlayerService.Abstractions.csproj", "{D09FABD8-85E5-4747-97A3-A20759711674}"
EndProject
Project("{FAE04EC0-301F-11D3-BF4B-00C04F79EFBC}") = "PlayerService.Grains", "src\PlayerService.Grains\PlayerService.Grains.csproj", "{44C75182-C10D-44A9-A3AF-3147A9A3E1DD}"
EndProject
Project("{FAE04EC0-301F-11D3-BF4B-00C04F79EFBC}") = "PlayerService.Api", "src\PlayerService.Api\PlayerService.Api.csproj", "{B009C564-2D5F-49BA-83AB-81C889DFA57C}"
EndProject
Project("{2150E333-8FDC-42A3-9474-1A3956D46DE8}") = "tests", "tests", "{0AB3BF05-4346-4AA6-1389-037BE0695223}"
EndProject
Project("{FAE04EC0-301F-11D3-BF4B-00C04F79EFBC}") = "PlayerService.Tests", "tests\PlayerService.Tests\PlayerService.Tests.csproj", "{C21FF95E-9E05-4006-97D4-6DBD5F792E5C}"
EndProject
Global
	GlobalSection(SolutionConfigurationPlatforms) = preSolution
		Debug|Any CPU = Debug|Any CPU
		Debug|x64 = Debug|x64
		Debug|x86 = Debug|x86
		Release|Any CPU = Release|Any CPU
		Release|x64 = Release|x64
		Release|x86 = Release|x86
	EndGlobalSection
	GlobalSection(ProjectConfigurationPlatforms) = postSolution
		{D09FABD8-85E5-4747-97A3-A20759711674}.Debug|Any CPU.ActiveCfg = Debug|Any CPU
		{D09FABD8-85E5-4747-97A3-A20759711674}.Debug|Any CPU.Build.0 = Debug|Any CPU
		{D09FABD8-85E5-4747-97A3-A20759711674}.Debug|x64.ActiveCfg = Debug|Any CPU
		{D09FABD8-85E5-4747-97A3-A20759711674}.Debug|x64.Build.0 = Debug|Any CPU
		{D09FABD8-85E5-4747-97A3-A20759711674}.Debug|x86.ActiveCfg = Debug|Any CPU
		{D09FABD8-85E5-4747-97A3-A20759711674}.Debug|x86.Build.0 = Debug|Any CPU
		{D09FABD8-85E5-4747-97A3-A20759711674}.Release|Any CPU.ActiveCfg = Release|Any CPU
		{D09FABD8-85E5-4747-97A3-A20759711674}.Release|Any CPU.Build.0 = Release|Any CPU
		{D09FABD8-85E5-4747-97A3-A20759711674}.Release|x64.ActiveCfg = Release|Any CPU
		{D09FABD8-85E5-4747-97A3-A20759711674}.Release|x64.Build.0 = Release|Any CPU
		{D09FABD8-85E5-4747-97A3-A20759711674}.Release|x86.ActiveCfg = Release|Any CPU
		{D09FABD8-85E5-4747-97A3-A20759711674}.Release|x86.Build.0 = Release|Any CPU
		{44C75182-C10D-44A9-A3AF-3147A9A3E1DD}.Debug|Any CPU.ActiveCfg = Debug|Any CPU
		{44C75182-C10D-44A9-A3AF-3147A9A3E1DD}.Debug|Any CPU.Build.0 = Debug|Any CPU
		{44C75182-C10D-44A9-A3AF-3147A9A3E1DD}.Debug|x64.ActiveCfg = Debug|Any CPU
		{44C75182-C10D-44A9-A3AF-3147A9A3E1DD}.Debug|x64.Build.0 = Debug|Any CPU
		{44C75182-C10D-44A9-A3AF-3147A9A3E1DD}.Debug|x86.ActiveCfg = Debug|Any CPU
		{44C75182-C10D-44A9-A3AF-3147A9A3E1DD}.Debug|x86.Build.0 = Debug|Any CPU
		{44C75182-C10D-44A9-A3AF-3147A9A3E1DD}.Release|Any CPU.ActiveCfg = Release|Any CPU
		{44C75182-C10D-44A9-A3AF-3147A9A3E1DD}.Release|Any CPU.Build.0 = Release|Any CPU
		{44C75182-C10D-44A9-A3AF-3147A9A3E1DD}.Release|x64.ActiveCfg = Release|Any CPU
		{44C75182-C10D-44A9-A3AF-3147A9A3E1DD}.Release|x64.Build.0 = Release|Any CPU
		{44C75182-C10D-44A9-A3AF-3147A9A3E1DD}.Release|x86.ActiveCfg = Release|Any CPU
		{44C75182-C10D-44A9-A3AF-3147A9A3E1DD}.Release|x86.Build.0 = Release|Any CPU
		{B009C564-2D5F-49BA-83AB-81C889DFA57C}.Debug|Any CPU.ActiveCfg = Debug|Any CPU
		{B009C564-2D5F-49BA-83AB-81C889DFA57C}.Debug|Any CPU.Build.0 = Debug|Any CPU
		{B009C564-2D5F-49BA-83AB-81C889DFA57C}.Debug|x64.ActiveCfg = Debug|Any CPU
		{B009C564-2D5F-49BA-83AB-81C889DFA57C}.Debug|x64.Build.0 = Debug|Any CPU
		{B009C564-2D5F-49BA-83AB-81C889DFA57C}.Debug|x86.ActiveCfg = Debug|Any CPU
		{B009C564-2D5F-49BA-83AB-81C889DFA57C}.Debug|x86.Build.0 = Debug|Any CPU
		{B009C564-2D5F-49BA-83AB-81C889DFA57C}.Release|Any CPU.ActiveCfg = Release|Any CPU
		{B009C564-2D5F-49BA-83AB-81C889DFA57C}.Release|Any CPU.Build.0 = Release|Any CPU
		{B009C564-2D5F-49BA-83AB-81C889DFA57C}.Release|x64.ActiveCfg = Release|Any CPU
		{B009C564-2D5F-49BA-83AB-81C889DFA57C}.Release|x64.Build.0 = Release|Any CPU
		{B009C564-2D5F-49BA-83AB-81C889DFA57C}.Release|x86.ActiveCfg = Release|Any CPU
		{B009C564-2D5F-49BA-83AB-81C889DFA57C}.Release|x86.Build.0 = Release|Any CPU
		{C21FF95E-9E05-4006-97D4-6DBD5F792E5C}.Debug|Any CPU.ActiveCfg = Debug|Any CPU
		{C21FF95E-9E05-4006-97D4-6DBD5F792E5C}.Debug|Any CPU.Build.0 = Debug|Any CPU
		{C21FF95E-9E05-4006-97D4-6DBD5F792E5C}.Debug|x64.ActiveCfg = Debug|Any CPU
		{C21FF95E-9E05-4006-97D4-6DBD5F792E5C}.Debug|x64.Build.0 = Debug|Any CPU
		{C21FF95E-9E05-4006-97D4-6DBD5F792E5C}.Debug|x86.ActiveCfg = Debug|Any CPU
		{C21FF95E-9E05-4006-97D4-6DBD5F792E5C}.Debug|x86.Build.0 = Debug|Any CPU
		{C21FF95E-9E05-4006-97D4-6DBD5F792E5C}.Release|Any CPU.ActiveCfg = Release|Any CPU
		{C21FF95E-9E05-4006-97D4-6DBD5F792E5C}.Release|Any CPU.Build.0 = Release|Any CPU
		{C21FF95E-9E05-4006-97D4-6DBD5F792E5C}.Release|x64.ActiveCfg = Release|Any CPU
		{C21FF95E-9E05-4006-97D4-6DBD5F792E5C}.Release|x64.Build.0 = Release|Any CPU
		{C21FF95E-9E05-4006-97D4-6DBD5F792E5C}.Release|x86.ActiveCfg = Release|Any CPU
		{C21FF95E-9E05-4006-97D4-6DBD5F792E5C}.Release|x86.Build.0 = Release|Any CPU
	EndGlobalSection
	GlobalSection(SolutionProperties) = preSolution
		HideSolutionNode = FALSE
	EndGlobalSection
	GlobalSection(NestedProjects) = preSolution
		{D09FABD8-85E5-4747-97A3-A20759711674} = {827E0CD3-B72D-47B6-A68D-7590B98EB39B}
		{44C75182-C10D-44A9-A3AF-3147A9A3E1DD} = {827E0CD3-B72D-47B6-A68D-7590B98EB39B}
		{B009C564-2D5F-49BA-83AB-81C889DFA57C} = {827E0CD3-B72D-47B6-A68D-7590B98EB39B}
		{C21FF95E-9E05-4006-97D4-6DBD5F792E5C} = {0AB3BF05-4346-4AA6-1389-037BE0695223}
	EndGlobalSection
EndGlobal
